// !$*UTF8*$!
{
	archiveVersion = 1;
	classes = {
	};
	objectVersion = 48;
	objects = {

/* Begin PBXBuildFile section */
		A70858C41F21A29F00243437 /* InputViewControllerTests.swift in Sources */ = {isa = PBXBuildFile; fileRef = A70858C31F21A29F00243437 /* InputViewControllerTests.swift */; };
		A70858C61F21A2FF00243437 /* InputViewController.swift in Sources */ = {isa = PBXBuildFile; fileRef = A70858C51F21A2FF00243437 /* InputViewController.swift */; };
		A7430A6F1F18650B00BAD9AA /* ItemListDataProvider.swift in Sources */ = {isa = PBXBuildFile; fileRef = A7430A6E1F18650B00BAD9AA /* ItemListDataProvider.swift */; };
		A7430A711F18695800BAD9AA /* ItemListDataProviderTest.swift in Sources */ = {isa = PBXBuildFile; fileRef = A7430A701F18695800BAD9AA /* ItemListDataProviderTest.swift */; };
		A755820B1F1320AD004B2DBB /* AppDelegate.swift in Sources */ = {isa = PBXBuildFile; fileRef = A755820A1F1320AD004B2DBB /* AppDelegate.swift */; };
		A75582101F1320AD004B2DBB /* Main.storyboard in Resources */ = {isa = PBXBuildFile; fileRef = A755820E1F1320AD004B2DBB /* Main.storyboard */; };
		A75582121F1320AD004B2DBB /* Assets.xcassets in Resources */ = {isa = PBXBuildFile; fileRef = A75582111F1320AD004B2DBB /* Assets.xcassets */; };
		A75582151F1320AD004B2DBB /* LaunchScreen.storyboard in Resources */ = {isa = PBXBuildFile; fileRef = A75582131F1320AD004B2DBB /* LaunchScreen.storyboard */; };
		A755822B1F13252A004B2DBB /* ToDoItemTests.swift in Sources */ = {isa = PBXBuildFile; fileRef = A755822A1F13252A004B2DBB /* ToDoItemTests.swift */; };
		A755822F1F13268A004B2DBB /* ToDoItem.swift in Sources */ = {isa = PBXBuildFile; fileRef = A755822E1F13268A004B2DBB /* ToDoItem.swift */; };
		A75877061F29881200DE1667 /* StoryboardTests.swift in Sources */ = {isa = PBXBuildFile; fileRef = A75877051F29881200DE1667 /* StoryboardTests.swift */; };
		A76E4D7D1F25A2BC00BDB14D /* APIClientTests.swift in Sources */ = {isa = PBXBuildFile; fileRef = A76E4D7C1F25A2BC00BDB14D /* APIClientTests.swift */; };
		A76E4D801F25A33B00BDB14D /* APIClient.swift in Sources */ = {isa = PBXBuildFile; fileRef = A76E4D7F1F25A33B00BDB14D /* APIClient.swift */; };
		A76E4D821F25A6D300BDB14D /* Token.swift in Sources */ = {isa = PBXBuildFile; fileRef = A76E4D811F25A6D300BDB14D /* Token.swift */; };
		A7912BF81F1EFC870084EC53 /* ItemCellTests.swift in Sources */ = {isa = PBXBuildFile; fileRef = A7912BF71F1EFC870084EC53 /* ItemCellTests.swift */; };
		A79A3E061F204CEE00F90056 /* DetailViewControllerTests.swift in Sources */ = {isa = PBXBuildFile; fileRef = A79A3E051F204CEE00F90056 /* DetailViewControllerTests.swift */; };
		A79A3E081F204D8B00F90056 /* DetailViewController.swift in Sources */ = {isa = PBXBuildFile; fileRef = A79A3E071F204D8B00F90056 /* DetailViewController.swift */; };
		A79A3E0B1F2053E600F90056 /* MapKit.framework in Frameworks */ = {isa = PBXBuildFile; fileRef = A79A3E0A1F2053E600F90056 /* MapKit.framework */; };
		A7B127DA1F1721AB00148BCF /* ItemListViewControllerTest.swift in Sources */ = {isa = PBXBuildFile; fileRef = A7B127D91F1721AB00148BCF /* ItemListViewControllerTest.swift */; };
		A7B127DD1F1722AA00148BCF /* ItemListViewController.swift in Sources */ = {isa = PBXBuildFile; fileRef = A7B127DC1F1722AA00148BCF /* ItemListViewController.swift */; };
		A7BDB3801F1481D40048F0E6 /* Location.swift in Sources */ = {isa = PBXBuildFile; fileRef = A7BDB37F1F1481D40048F0E6 /* Location.swift */; };
		A7BDB3821F14836B0048F0E6 /* LocationTests.swift in Sources */ = {isa = PBXBuildFile; fileRef = A7BDB3811F14836B0048F0E6 /* LocationTests.swift */; };
		A7BDB3841F1487650048F0E6 /* ItemManagerTests.swift in Sources */ = {isa = PBXBuildFile; fileRef = A7BDB3831F1487650048F0E6 /* ItemManagerTests.swift */; };
		A7BDB3861F1487FC0048F0E6 /* ItemManager.swift in Sources */ = {isa = PBXBuildFile; fileRef = A7BDB3851F1487FC0048F0E6 /* ItemManager.swift */; };
		A7CA994D1F1C575700D0E254 /* ItemCell.swift in Sources */ = {isa = PBXBuildFile; fileRef = A7CA994C1F1C575700D0E254 /* ItemCell.swift */; };
/* End PBXBuildFile section */

/* Begin PBXContainerItemProxy section */
		A755821C1F1320AD004B2DBB /* PBXContainerItemProxy */ = {
			isa = PBXContainerItemProxy;
			containerPortal = A75581FF1F1320AD004B2DBB /* Project object */;
			proxyType = 1;
			remoteGlobalIDString = A75582061F1320AD004B2DBB;
			remoteInfo = ToDo;
		};
/* End PBXContainerItemProxy section */

/* Begin PBXFileReference section */
		A70858C31F21A29F00243437 /* InputViewControllerTests.swift */ = {isa = PBXFileReference; lastKnownFileType = sourcecode.swift; path = InputViewControllerTests.swift; sourceTree = "<group>"; };
		A70858C51F21A2FF00243437 /* InputViewController.swift */ = {isa = PBXFileReference; lastKnownFileType = sourcecode.swift; path = InputViewController.swift; sourceTree = "<group>"; };
		A7430A6E1F18650B00BAD9AA /* ItemListDataProvider.swift */ = {isa = PBXFileReference; lastKnownFileType = sourcecode.swift; path = ItemListDataProvider.swift; sourceTree = "<group>"; };
		A7430A701F18695800BAD9AA /* ItemListDataProviderTest.swift */ = {isa = PBXFileReference; lastKnownFileType = sourcecode.swift; path = ItemListDataProviderTest.swift; sourceTree = "<group>"; };
		A75582071F1320AD004B2DBB /* ToDo.app */ = {isa = PBXFileReference; explicitFileType = wrapper.application; includeInIndex = 0; path = ToDo.app; sourceTree = BUILT_PRODUCTS_DIR; };
		A755820A1F1320AD004B2DBB /* AppDelegate.swift */ = {isa = PBXFileReference; lastKnownFileType = sourcecode.swift; path = AppDelegate.swift; sourceTree = "<group>"; };
		A755820F1F1320AD004B2DBB /* Base */ = {isa = PBXFileReference; lastKnownFileType = file.storyboard; name = Base; path = Base.lproj/Main.storyboard; sourceTree = "<group>"; };
		A75582111F1320AD004B2DBB /* Assets.xcassets */ = {isa = PBXFileReference; lastKnownFileType = folder.assetcatalog; path = Assets.xcassets; sourceTree = "<group>"; };
		A75582141F1320AD004B2DBB /* Base */ = {isa = PBXFileReference; lastKnownFileType = file.storyboard; name = Base; path = Base.lproj/LaunchScreen.storyboard; sourceTree = "<group>"; };
		A75582161F1320AD004B2DBB /* Info.plist */ = {isa = PBXFileReference; lastKnownFileType = text.plist.xml; path = Info.plist; sourceTree = "<group>"; };
		A755821B1F1320AD004B2DBB /* ToDoTests.xctest */ = {isa = PBXFileReference; explicitFileType = wrapper.cfbundle; includeInIndex = 0; path = ToDoTests.xctest; sourceTree = BUILT_PRODUCTS_DIR; };
		A75582211F1320AD004B2DBB /* Info.plist */ = {isa = PBXFileReference; lastKnownFileType = text.plist.xml; path = Info.plist; sourceTree = "<group>"; };
		A755822A1F13252A004B2DBB /* ToDoItemTests.swift */ = {isa = PBXFileReference; lastKnownFileType = sourcecode.swift; path = ToDoItemTests.swift; sourceTree = "<group>"; };
		A755822E1F13268A004B2DBB /* ToDoItem.swift */ = {isa = PBXFileReference; lastKnownFileType = sourcecode.swift; path = ToDoItem.swift; sourceTree = "<group>"; };
		A75877051F29881200DE1667 /* StoryboardTests.swift */ = {isa = PBXFileReference; lastKnownFileType = sourcecode.swift; path = StoryboardTests.swift; sourceTree = "<group>"; };
		A76E4D7C1F25A2BC00BDB14D /* APIClientTests.swift */ = {isa = PBXFileReference; lastKnownFileType = sourcecode.swift; path = APIClientTests.swift; sourceTree = "<group>"; };
		A76E4D7F1F25A33B00BDB14D /* APIClient.swift */ = {isa = PBXFileReference; lastKnownFileType = sourcecode.swift; path = APIClient.swift; sourceTree = "<group>"; };
		A76E4D811F25A6D300BDB14D /* Token.swift */ = {isa = PBXFileReference; lastKnownFileType = sourcecode.swift; path = Token.swift; sourceTree = "<group>"; };
		A7912BF71F1EFC870084EC53 /* ItemCellTests.swift */ = {isa = PBXFileReference; lastKnownFileType = sourcecode.swift; path = ItemCellTests.swift; sourceTree = "<group>"; };
		A79A3E051F204CEE00F90056 /* DetailViewControllerTests.swift */ = {isa = PBXFileReference; lastKnownFileType = sourcecode.swift; path = DetailViewControllerTests.swift; sourceTree = "<group>"; };
		A79A3E071F204D8B00F90056 /* DetailViewController.swift */ = {isa = PBXFileReference; lastKnownFileType = sourcecode.swift; path = DetailViewController.swift; sourceTree = "<group>"; };
		A79A3E0A1F2053E600F90056 /* MapKit.framework */ = {isa = PBXFileReference; lastKnownFileType = wrapper.framework; name = MapKit.framework; path = System/Library/Frameworks/MapKit.framework; sourceTree = SDKROOT; };
		A7B127D91F1721AB00148BCF /* ItemListViewControllerTest.swift */ = {isa = PBXFileReference; lastKnownFileType = sourcecode.swift; path = ItemListViewControllerTest.swift; sourceTree = "<group>"; };
		A7B127DC1F1722AA00148BCF /* ItemListViewController.swift */ = {isa = PBXFileReference; lastKnownFileType = sourcecode.swift; path = ItemListViewController.swift; sourceTree = "<group>"; };
		A7BDB37F1F1481D40048F0E6 /* Location.swift */ = {isa = PBXFileReference; lastKnownFileType = sourcecode.swift; path = Location.swift; sourceTree = "<group>"; };
		A7BDB3811F14836B0048F0E6 /* LocationTests.swift */ = {isa = PBXFileReference; lastKnownFileType = sourcecode.swift; path = LocationTests.swift; sourceTree = "<group>"; };
		A7BDB3831F1487650048F0E6 /* ItemManagerTests.swift */ = {isa = PBXFileReference; lastKnownFileType = sourcecode.swift; path = ItemManagerTests.swift; sourceTree = "<group>"; };
		A7BDB3851F1487FC0048F0E6 /* ItemManager.swift */ = {isa = PBXFileReference; lastKnownFileType = sourcecode.swift; path = ItemManager.swift; sourceTree = "<group>"; };
		A7CA994C1F1C575700D0E254 /* ItemCell.swift */ = {isa = PBXFileReference; lastKnownFileType = sourcecode.swift; path = ItemCell.swift; sourceTree = "<group>"; };
/* End PBXFileReference section */

/* Begin PBXFrameworksBuildPhase section */
		A75582041F1320AD004B2DBB /* Frameworks */ = {
			isa = PBXFrameworksBuildPhase;
			buildActionMask = 2147483647;
			files = (
				A79A3E0B1F2053E600F90056 /* MapKit.framework in Frameworks */,
			);
			runOnlyForDeploymentPostprocessing = 0;
		};
		A75582181F1320AD004B2DBB /* Frameworks */ = {
			isa = PBXFrameworksBuildPhase;
			buildActionMask = 2147483647;
			files = (
			);
			runOnlyForDeploymentPostprocessing = 0;
		};
/* End PBXFrameworksBuildPhase section */

/* Begin PBXGroup section */
		A75581FE1F1320AD004B2DBB = {
			isa = PBXGroup;
			children = (
				A75582091F1320AD004B2DBB /* ToDo */,
				A755821E1F1320AD004B2DBB /* ToDoTests */,
				A75582081F1320AD004B2DBB /* Products */,
				A79A3E091F2053E600F90056 /* Frameworks */,
			);
			sourceTree = "<group>";
		};
		A75582081F1320AD004B2DBB /* Products */ = {
			isa = PBXGroup;
			children = (
				A75582071F1320AD004B2DBB /* ToDo.app */,
				A755821B1F1320AD004B2DBB /* ToDoTests.xctest */,
			);
			name = Products;
			sourceTree = "<group>";
		};
		A75582091F1320AD004B2DBB /* ToDo */ = {
			isa = PBXGroup;
			children = (
				A76E4D7E1F25A32900BDB14D /* API */,
				A7B127DB1F17227100148BCF /* Controller */,
				A755822D1F132673004B2DBB /* Model */,
				A755820A1F1320AD004B2DBB /* AppDelegate.swift */,
				A755820E1F1320AD004B2DBB /* Main.storyboard */,
				A75582111F1320AD004B2DBB /* Assets.xcassets */,
				A75582131F1320AD004B2DBB /* LaunchScreen.storyboard */,
				A75582161F1320AD004B2DBB /* Info.plist */,
			);
			path = ToDo;
			sourceTree = "<group>";
		};
		A755821E1F1320AD004B2DBB /* ToDoTests */ = {
			isa = PBXGroup;
			children = (
				A75877041F2987EC00DE1667 /* Storyboard */,
				A76E4D7B1F25A2A700BDB14D /* API */,
				A7B127D81F17216400148BCF /* Controller */,
				A755822C1F13255F004B2DBB /* Model */,
				A75582211F1320AD004B2DBB /* Info.plist */,
			);
			path = ToDoTests;
			sourceTree = "<group>";
		};
		A755822C1F13255F004B2DBB /* Model */ = {
			isa = PBXGroup;
			children = (
				A755822A1F13252A004B2DBB /* ToDoItemTests.swift */,
				A7BDB3811F14836B0048F0E6 /* LocationTests.swift */,
				A7BDB3831F1487650048F0E6 /* ItemManagerTests.swift */,
			);
			path = Model;
			sourceTree = "<group>";
		};
		A755822D1F132673004B2DBB /* Model */ = {
			isa = PBXGroup;
			children = (
				A755822E1F13268A004B2DBB /* ToDoItem.swift */,
				A7BDB37F1F1481D40048F0E6 /* Location.swift */,
				A7BDB3851F1487FC0048F0E6 /* ItemManager.swift */,
			);
			path = Model;
			sourceTree = "<group>";
		};
		A75877041F2987EC00DE1667 /* Storyboard */ = {
			isa = PBXGroup;
			children = (
				A75877051F29881200DE1667 /* StoryboardTests.swift */,
			);
			path = Storyboard;
			sourceTree = "<group>";
		};
		A76E4D7B1F25A2A700BDB14D /* API */ = {
			isa = PBXGroup;
			children = (
				A76E4D7C1F25A2BC00BDB14D /* APIClientTests.swift */,
			);
			path = API;
			sourceTree = "<group>";
		};
		A76E4D7E1F25A32900BDB14D /* API */ = {
			isa = PBXGroup;
			children = (
				A76E4D7F1F25A33B00BDB14D /* APIClient.swift */,
				A76E4D811F25A6D300BDB14D /* Token.swift */,
			);
			path = API;
			sourceTree = "<group>";
		};
		A79A3E091F2053E600F90056 /* Frameworks */ = {
			isa = PBXGroup;
			children = (
				A79A3E0A1F2053E600F90056 /* MapKit.framework */,
			);
			name = Frameworks;
			sourceTree = "<group>";
		};
		A7B127D81F17216400148BCF /* Controller */ = {
			isa = PBXGroup;
			children = (
				A7B127D91F1721AB00148BCF /* ItemListViewControllerTest.swift */,
				A7430A701F18695800BAD9AA /* ItemListDataProviderTest.swift */,
				A7912BF71F1EFC870084EC53 /* ItemCellTests.swift */,
				A79A3E051F204CEE00F90056 /* DetailViewControllerTests.swift */,
				A70858C31F21A29F00243437 /* InputViewControllerTests.swift */,
			);
			path = Controller;
			sourceTree = "<group>";
		};
		A7B127DB1F17227100148BCF /* Controller */ = {
			isa = PBXGroup;
			children = (
				A7B127DC1F1722AA00148BCF /* ItemListViewController.swift */,
				A7430A6E1F18650B00BAD9AA /* ItemListDataProvider.swift */,
				A7CA994C1F1C575700D0E254 /* ItemCell.swift */,
				A79A3E071F204D8B00F90056 /* DetailViewController.swift */,
				A70858C51F21A2FF00243437 /* InputViewController.swift */,
			);
			path = Controller;
			sourceTree = "<group>";
		};
/* End PBXGroup section */

/* Begin PBXNativeTarget section */
		A75582061F1320AD004B2DBB /* ToDo */ = {
			isa = PBXNativeTarget;
			buildConfigurationList = A75582241F1320AD004B2DBB /* Build configuration list for PBXNativeTarget "ToDo" */;
			buildPhases = (
				A75582031F1320AD004B2DBB /* Sources */,
				A75582041F1320AD004B2DBB /* Frameworks */,
				A75582051F1320AD004B2DBB /* Resources */,
			);
			buildRules = (
			);
			dependencies = (
			);
			name = ToDo;
			productName = ToDo;
			productReference = A75582071F1320AD004B2DBB /* ToDo.app */;
			productType = "com.apple.product-type.application";
		};
		A755821A1F1320AD004B2DBB /* ToDoTests */ = {
			isa = PBXNativeTarget;
			buildConfigurationList = A75582271F1320AD004B2DBB /* Build configuration list for PBXNativeTarget "ToDoTests" */;
			buildPhases = (
				A75582171F1320AD004B2DBB /* Sources */,
				A75582181F1320AD004B2DBB /* Frameworks */,
				A75582191F1320AD004B2DBB /* Resources */,
			);
			buildRules = (
			);
			dependencies = (
				A755821D1F1320AD004B2DBB /* PBXTargetDependency */,
			);
			name = ToDoTests;
			productName = ToDoTests;
			productReference = A755821B1F1320AD004B2DBB /* ToDoTests.xctest */;
			productType = "com.apple.product-type.bundle.unit-test";
		};
/* End PBXNativeTarget section */

/* Begin PBXProject section */
		A75581FF1F1320AD004B2DBB /* Project object */ = {
			isa = PBXProject;
			attributes = {
				LastSwiftUpdateCheck = 0900;
				LastUpgradeCheck = 0900;
				ORGANIZATIONNAME = "iOS Wizards";
				TargetAttributes = {
					A75582061F1320AD004B2DBB = {
						CreatedOnToolsVersion = 9.0;
						SystemCapabilities = {
							com.apple.Maps.iOS = {
								enabled = 1;
							};
						};
					};
					A755821A1F1320AD004B2DBB = {
						CreatedOnToolsVersion = 9.0;
						TestTargetID = A75582061F1320AD004B2DBB;
					};
				};
			};
			buildConfigurationList = A75582021F1320AD004B2DBB /* Build configuration list for PBXProject "ToDo" */;
			compatibilityVersion = "Xcode 8.0";
			developmentRegion = en;
			hasScannedForEncodings = 0;
			knownRegions = (
				en,
				Base,
			);
			mainGroup = A75581FE1F1320AD004B2DBB;
			productRefGroup = A75582081F1320AD004B2DBB /* Products */;
			projectDirPath = "";
			projectRoot = "";
			targets = (
				A75582061F1320AD004B2DBB /* ToDo */,
				A755821A1F1320AD004B2DBB /* ToDoTests */,
			);
		};
/* End PBXProject section */

/* Begin PBXResourcesBuildPhase section */
		A75582051F1320AD004B2DBB /* Resources */ = {
			isa = PBXResourcesBuildPhase;
			buildActionMask = 2147483647;
			files = (
				A75582151F1320AD004B2DBB /* LaunchScreen.storyboard in Resources */,
				A75582121F1320AD004B2DBB /* Assets.xcassets in Resources */,
				A75582101F1320AD004B2DBB /* Main.storyboard in Resources */,
			);
			runOnlyForDeploymentPostprocessing = 0;
		};
		A75582191F1320AD004B2DBB /* Resources */ = {
			isa = PBXResourcesBuildPhase;
			buildActionMask = 2147483647;
			files = (
			);
			runOnlyForDeploymentPostprocessing = 0;
		};
/* End PBXResourcesBuildPhase section */

/* Begin PBXSourcesBuildPhase section */
		A75582031F1320AD004B2DBB /* Sources */ = {
			isa = PBXSourcesBuildPhase;
			buildActionMask = 2147483647;
			files = (
				A70858C61F21A2FF00243437 /* InputViewController.swift in Sources */,
				A7BDB3861F1487FC0048F0E6 /* ItemManager.swift in Sources */,
				A7430A6F1F18650B00BAD9AA /* ItemListDataProvider.swift in Sources */,
				A76E4D801F25A33B00BDB14D /* APIClient.swift in Sources */,
				A755820B1F1320AD004B2DBB /* AppDelegate.swift in Sources */,
				A7BDB3801F1481D40048F0E6 /* Location.swift in Sources */,
				A7CA994D1F1C575700D0E254 /* ItemCell.swift in Sources */,
				A76E4D821F25A6D300BDB14D /* Token.swift in Sources */,
				A755822F1F13268A004B2DBB /* ToDoItem.swift in Sources */,
				A7B127DD1F1722AA00148BCF /* ItemListViewController.swift in Sources */,
				A79A3E081F204D8B00F90056 /* DetailViewController.swift in Sources */,
			);
			runOnlyForDeploymentPostprocessing = 0;
		};
		A75582171F1320AD004B2DBB /* Sources */ = {
			isa = PBXSourcesBuildPhase;
			buildActionMask = 2147483647;
			files = (
				A7912BF81F1EFC870084EC53 /* ItemCellTests.swift in Sources */,
				A7430A711F18695800BAD9AA /* ItemListDataProviderTest.swift in Sources */,
				A7BDB3841F1487650048F0E6 /* ItemManagerTests.swift in Sources */,
				A70858C41F21A29F00243437 /* InputViewControllerTests.swift in Sources */,
				A7BDB3821F14836B0048F0E6 /* LocationTests.swift in Sources */,
				A79A3E061F204CEE00F90056 /* DetailViewControllerTests.swift in Sources */,
				A75877061F29881200DE1667 /* StoryboardTests.swift in Sources */,
				A76E4D7D1F25A2BC00BDB14D /* APIClientTests.swift in Sources */,
				A7B127DA1F1721AB00148BCF /* ItemListViewControllerTest.swift in Sources */,
				A755822B1F13252A004B2DBB /* ToDoItemTests.swift in Sources */,
			);
			runOnlyForDeploymentPostprocessing = 0;
		};
/* End PBXSourcesBuildPhase section */

/* Begin PBXTargetDependency section */
		A755821D1F1320AD004B2DBB /* PBXTargetDependency */ = {
			isa = PBXTargetDependency;
			target = A75582061F1320AD004B2DBB /* ToDo */;
			targetProxy = A755821C1F1320AD004B2DBB /* PBXContainerItemProxy */;
		};
/* End PBXTargetDependency section */

/* Begin PBXVariantGroup section */
		A755820E1F1320AD004B2DBB /* Main.storyboard */ = {
			isa = PBXVariantGroup;
			children = (
				A755820F1F1320AD004B2DBB /* Base */,
			);
			name = Main.storyboard;
			sourceTree = "<group>";
		};
		A75582131F1320AD004B2DBB /* LaunchScreen.storyboard */ = {
			isa = PBXVariantGroup;
			children = (
				A75582141F1320AD004B2DBB /* Base */,
			);
			name = LaunchScreen.storyboard;
			sourceTree = "<group>";
		};
/* End PBXVariantGroup section */

/* Begin XCBuildConfiguration section */
		A75582221F1320AD004B2DBB /* Debug */ = {
			isa = XCBuildConfiguration;
			buildSettings = {
				ALWAYS_SEARCH_USER_PATHS = NO;
				CLANG_ANALYZER_NONNULL = YES;
				CLANG_ANALYZER_NUMBER_OBJECT_CONVERSION = YES_AGGRESSIVE;
				CLANG_CXX_LANGUAGE_STANDARD = "gnu++14";
				CLANG_CXX_LIBRARY = "libc++";
				CLANG_ENABLE_MODULES = YES;
				CLANG_ENABLE_OBJC_ARC = YES;
				CLANG_WARN_BLOCK_CAPTURE_AUTORELEASING = YES;
				CLANG_WARN_BOOL_CONVERSION = YES;
				CLANG_WARN_COMMA = YES;
				CLANG_WARN_CONSTANT_CONVERSION = YES;
				CLANG_WARN_DIRECT_OBJC_ISA_USAGE = YES_ERROR;
				CLANG_WARN_DOCUMENTATION_COMMENTS = YES;
				CLANG_WARN_EMPTY_BODY = YES;
				CLANG_WARN_ENUM_CONVERSION = YES;
				CLANG_WARN_INFINITE_RECURSION = YES;
				CLANG_WARN_INT_CONVERSION = YES;
				CLANG_WARN_OBJC_ROOT_CLASS = YES_ERROR;
				CLANG_WARN_RANGE_LOOP_ANALYSIS = YES;
				CLANG_WARN_STRICT_PROTOTYPES = YES;
				CLANG_WARN_SUSPICIOUS_MOVE = YES;
				CLANG_WARN_UNGUARDED_AVAILABILITY = YES_AGGRESSIVE;
				CLANG_WARN_UNREACHABLE_CODE = YES;
				CLANG_WARN__DUPLICATE_METHOD_MATCH = YES;
				CODE_SIGN_IDENTITY = "iPhone Developer";
				COPY_PHASE_STRIP = NO;
				DEBUG_INFORMATION_FORMAT = dwarf;
				ENABLE_STRICT_OBJC_MSGSEND = YES;
				ENABLE_TESTABILITY = YES;
				GCC_C_LANGUAGE_STANDARD = gnu11;
				GCC_DYNAMIC_NO_PIC = NO;
				GCC_NO_COMMON_BLOCKS = YES;
				GCC_OPTIMIZATION_LEVEL = 0;
				GCC_PREPROCESSOR_DEFINITIONS = (
					"DEBUG=1",
					"$(inherited)",
				);
				GCC_WARN_64_TO_32_BIT_CONVERSION = YES;
				GCC_WARN_ABOUT_RETURN_TYPE = YES_ERROR;
				GCC_WARN_UNDECLARED_SELECTOR = YES;
				GCC_WARN_UNINITIALIZED_AUTOS = YES_AGGRESSIVE;
				GCC_WARN_UNUSED_FUNCTION = YES;
				GCC_WARN_UNUSED_VARIABLE = YES;
				IPHONEOS_DEPLOYMENT_TARGET = 11.0;
				MTL_ENABLE_DEBUG_INFO = YES;
				ONLY_ACTIVE_ARCH = YES;
				SDKROOT = iphoneos;
				SWIFT_ACTIVE_COMPILATION_CONDITIONS = DEBUG;
				SWIFT_OPTIMIZATION_LEVEL = "-Onone";
			};
			name = Debug;
		};
		A75582231F1320AD004B2DBB /* Release */ = {
			isa = XCBuildConfiguration;
			buildSettings = {
				ALWAYS_SEARCH_USER_PATHS = NO;
				CLANG_ANALYZER_NONNULL = YES;
				CLANG_ANALYZER_NUMBER_OBJECT_CONVERSION = YES_AGGRESSIVE;
				CLANG_CXX_LANGUAGE_STANDARD = "gnu++14";
				CLANG_CXX_LIBRARY = "libc++";
				CLANG_ENABLE_MODULES = YES;
				CLANG_ENABLE_OBJC_ARC = YES;
				CLANG_WARN_BLOCK_CAPTURE_AUTORELEASING = YES;
				CLANG_WARN_BOOL_CONVERSION = YES;
				CLANG_WARN_COMMA = YES;
				CLANG_WARN_CONSTANT_CONVERSION = YES;
				CLANG_WARN_DIRECT_OBJC_ISA_USAGE = YES_ERROR;
				CLANG_WARN_DOCUMENTATION_COMMENTS = YES;
				CLANG_WARN_EMPTY_BODY = YES;
				CLANG_WARN_ENUM_CONVERSION = YES;
				CLANG_WARN_INFINITE_RECURSION = YES;
				CLANG_WARN_INT_CONVERSION = YES;
				CLANG_WARN_OBJC_ROOT_CLASS = YES_ERROR;
				CLANG_WARN_RANGE_LOOP_ANALYSIS = YES;
				CLANG_WARN_STRICT_PROTOTYPES = YES;
				CLANG_WARN_SUSPICIOUS_MOVE = YES;
				CLANG_WARN_UNGUARDED_AVAILABILITY = YES_AGGRESSIVE;
				CLANG_WARN_UNREACHABLE_CODE = YES;
				CLANG_WARN__DUPLICATE_METHOD_MATCH = YES;
				CODE_SIGN_IDENTITY = "iPhone Developer";
				COPY_PHASE_STRIP = NO;
				DEBUG_INFORMATION_FORMAT = "dwarf-with-dsym";
				ENABLE_NS_ASSERTIONS = NO;
				ENABLE_STRICT_OBJC_MSGSEND = YES;
				GCC_C_LANGUAGE_STANDARD = gnu11;
				GCC_NO_COMMON_BLOCKS = YES;
				GCC_WARN_64_TO_32_BIT_CONVERSION = YES;
				GCC_WARN_ABOUT_RETURN_TYPE = YES_ERROR;
				GCC_WARN_UNDECLARED_SELECTOR = YES;
				GCC_WARN_UNINITIALIZED_AUTOS = YES_AGGRESSIVE;
				GCC_WARN_UNUSED_FUNCTION = YES;
				GCC_WARN_UNUSED_VARIABLE = YES;
				IPHONEOS_DEPLOYMENT_TARGET = 11.0;
				MTL_ENABLE_DEBUG_INFO = NO;
				SDKROOT = iphoneos;
				SWIFT_OPTIMIZATION_LEVEL = "-Owholemodule";
				VALIDATE_PRODUCT = YES;
			};
			name = Release;
		};
		A75582251F1320AD004B2DBB /* Debug */ = {
			isa = XCBuildConfiguration;
			buildSettings = {
				ASSETCATALOG_COMPILER_APPICON_NAME = AppIcon;
				DEVELOPMENT_TEAM = 496E7TU5N4;
				INFOPLIST_FILE = ToDo/Info.plist;
				LD_RUNPATH_SEARCH_PATHS = "$(inherited) @executable_path/Frameworks";
				PRODUCT_BUNDLE_IDENTIFIER = com.LeonardoFerreira.ToDo;
				PRODUCT_NAME = "$(TARGET_NAME)";
				SWIFT_VERSION = 4.0;
				TARGETED_DEVICE_FAMILY = "1,2";
			};
			name = Debug;
		};
		A75582261F1320AD004B2DBB /* Release */ = {
			isa = XCBuildConfiguration;
			buildSettings = {
				ASSETCATALOG_COMPILER_APPICON_NAME = AppIcon;
				DEVELOPMENT_TEAM = 496E7TU5N4;
				INFOPLIST_FILE = ToDo/Info.plist;
				LD_RUNPATH_SEARCH_PATHS = "$(inherited) @executable_path/Frameworks";
				PRODUCT_BUNDLE_IDENTIFIER = com.LeonardoFerreira.ToDo;
				PRODUCT_NAME = "$(TARGET_NAME)";
				SWIFT_VERSION = 4.0;
				TARGETED_DEVICE_FAMILY = "1,2";
			};
			name = Release;
		};
		A75582281F1320AD004B2DBB /* Debug */ = {
			isa = XCBuildConfiguration;
			buildSettings = {
				ALWAYS_EMBED_SWIFT_STANDARD_LIBRARIES = YES;
				BUNDLE_LOADER = "$(TEST_HOST)";
				DEVELOPMENT_TEAM = 496E7TU5N4;
				INFOPLIST_FILE = ToDoTests/Info.plist;
				LD_RUNPATH_SEARCH_PATHS = "$(inherited) @executable_path/Frameworks @loader_path/Frameworks";
				PRODUCT_BUNDLE_IDENTIFIER = com.LeonardoFerreira.ToDoTests;
				PRODUCT_NAME = "$(TARGET_NAME)";
				SWIFT_VERSION = 4.0;
				TARGETED_DEVICE_FAMILY = "1,2";
				TEST_HOST = "$(BUILT_PRODUCTS_DIR)/ToDo.app/ToDo";
			};
			name = Debug;
		};
		A75582291F1320AD004B2DBB /* Release */ = {
			isa = XCBuildConfiguration;
			buildSettings = {
				ALWAYS_EMBED_SWIFT_STANDARD_LIBRARIES = YES;
				BUNDLE_LOADER = "$(TEST_HOST)";
				DEVELOPMENT_TEAM = 496E7TU5N4;
				INFOPLIST_FILE = ToDoTests/Info.plist;
				LD_RUNPATH_SEARCH_PATHS = "$(inherited) @executable_path/Frameworks @loader_path/Frameworks";
				PRODUCT_BUNDLE_IDENTIFIER = com.LeonardoFerreira.ToDoTests;
				PRODUCT_NAME = "$(TARGET_NAME)";
				SWIFT_VERSION = 4.0;
				TARGETED_DEVICE_FAMILY = "1,2";
				TEST_HOST = "$(BUILT_PRODUCTS_DIR)/ToDo.app/ToDo";
			};
			name = Release;
		};
/* End XCBuildConfiguration section */

/* Begin XCConfigurationList section */
		A75582021F1320AD004B2DBB /* Build configuration list for PBXProject "ToDo" */ = {
			isa = XCConfigurationList;
			buildConfigurations = (
				A75582221F1320AD004B2DBB /* Debug */,
				A75582231F1320AD004B2DBB /* Release */,
			);
			defaultConfigurationIsVisible = 0;
			defaultConfigurationName = Release;
		};
		A75582241F1320AD004B2DBB /* Build configuration list for PBXNativeTarget "ToDo" */ = {
			isa = XCConfigurationList;
			buildConfigurations = (
				A75582251F1320AD004B2DBB /* Debug */,
				A75582261F1320AD004B2DBB /* Release */,
			);
			defaultConfigurationIsVisible = 0;
			defaultConfigurationName = Release;
		};
		A75582271F1320AD004B2DBB /* Build configuration list for PBXNativeTarget "ToDoTests" */ = {
			isa = XCConfigurationList;
			buildConfigurations = (
				A75582281F1320AD004B2DBB /* Debug */,
				A75582291F1320AD004B2DBB /* Release */,
			);
			defaultConfigurationIsVisible = 0;
			defaultConfigurationName = Release;
		};
/* End XCConfigurationList section */
	};
	rootObject = A75581FF1F1320AD004B2DBB /* Project object */;
}
